
Microsoft Visual Studio Solution File, Format Version 12.00
# 
Project("{FAE04EC0-301F-11D3-BF4B-00C04F79EFBC}") = "StudentAssessment.WebAPI", "StudentAssessment.WebAPI\StudentAssessment.WebAPI.csproj", "{89E23AD4-3CD4-424B-BD29-CFEE7D5BCA8B}"
EndProject
Project("{FAE04EC0-301F-11D3-BF4B-00C04F79EFBC}") = "StudentAssessment.Core", "StudentAssessment.Core\StudentAssessment.Core.csproj", "{13522FA8-3CF9-47FB-8D65-3C468DEDA13A}"
EndProject
Project("{FAE04EC0-301F-11D3-BF4B-00C04F79EFBC}") = "StudentAssessment.Infrastructure", "StudentAssessment.Infrastructure\StudentAssessment.Infrastructure.csproj", "{6637557B-1922-46D3-B3E3-8C0E259982B2}"
EndProject
Project("{FAE04EC0-301F-11D3-BF4B-00C04F79EFBC}") = "StudentAssessment.Application", "StudentAssessment.Application\StudentAssessment.Application.csproj", "{395413E2-069E-4342-BEB8-D7903980F713}"
EndProject
Project("{FAE04EC0-301F-11D3-BF4B-00C04F79EFBC}") = "StudentAssessment.UnitTests", "tests\StudentAssessment.UnitTests\StudentAssessment.UnitTests.csproj", "{FFB9CF9B-64F8-473E-9333-9A7E12E27F9F}"
EndProject
Project("{2150E333-8FDC-42A3-9474-1A3956D46DE8}") = "tests", "tests", "{E56ED882-18EF-4F9A-8C7C-48930A8783B2}"
EndProject
Project("{FAE04EC0-301F-11D3-BF4B-00C04F79EFBC}") = "StudentAssessment.IntegrationTests", "tests\StudentAssesment.IntegrationTests\StudentAssessment.IntegrationTests.csproj", "{730343F0-B37D-4979-93B0-9D6D54705423}"
EndProject
Global
	GlobalSection(SolutionConfigurationPlatforms) = preSolution
		Debug|Any CPU = Debug|Any CPU
		Release|Any CPU = Release|Any CPU
	EndGlobalSection
	GlobalSection(ProjectConfigurationPlatforms) = postSolution
		{89E23AD4-3CD4-424B-BD29-CFEE7D5BCA8B}.Debug|Any CPU.ActiveCfg = Debug|Any CPU
		{89E23AD4-3CD4-424B-BD29-CFEE7D5BCA8B}.Debug|Any CPU.Build.0 = Debug|Any CPU
		{89E23AD4-3CD4-424B-BD29-CFEE7D5BCA8B}.Release|Any CPU.ActiveCfg = Release|Any CPU
		{89E23AD4-3CD4-424B-BD29-CFEE7D5BCA8B}.Release|Any CPU.Build.0 = Release|Any CPU
		{13522FA8-3CF9-47FB-8D65-3C468DEDA13A}.Debug|Any CPU.ActiveCfg = Debug|Any CPU
		{13522FA8-3CF9-47FB-8D65-3C468DEDA13A}.Debug|Any CPU.Build.0 = Debug|Any CPU
		{13522FA8-3CF9-47FB-8D65-3C468DEDA13A}.Release|Any CPU.ActiveCfg = Release|Any CPU
		{13522FA8-3CF9-47FB-8D65-3C468DEDA13A}.Release|Any CPU.Build.0 = Release|Any CPU
		{6637557B-1922-46D3-B3E3-8C0E259982B2}.Debug|Any CPU.ActiveCfg = Debug|Any CPU
		{6637557B-1922-46D3-B3E3-8C0E259982B2}.Debug|Any CPU.Build.0 = Debug|Any CPU
		{6637557B-1922-46D3-B3E3-8C0E259982B2}.Release|Any CPU.ActiveCfg = Release|Any CPU
		{6637557B-1922-46D3-B3E3-8C0E259982B2}.Release|Any CPU.Build.0 = Release|Any CPU
		{395413E2-069E-4342-BEB8-D7903980F713}.Debug|Any CPU.ActiveCfg = Debug|Any CPU
		{395413E2-069E-4342-BEB8-D7903980F713}.Debug|Any CPU.Build.0 = Debug|Any CPU
		{395413E2-069E-4342-BEB8-D7903980F713}.Release|Any CPU.ActiveCfg = Release|Any CPU
		{395413E2-069E-4342-BEB8-D7903980F713}.Release|Any CPU.Build.0 = Release|Any CPU
		{FFB9CF9B-64F8-473E-9333-9A7E12E27F9F}.Debug|Any CPU.ActiveCfg = Debug|Any CPU
		{FFB9CF9B-64F8-473E-9333-9A7E12E27F9F}.Debug|Any CPU.Build.0 = Debug|Any CPU
		{FFB9CF9B-64F8-473E-9333-9A7E12E27F9F}.Release|Any CPU.ActiveCfg = Release|Any CPU
		{FFB9CF9B-64F8-473E-9333-9A7E12E27F9F}.Release|Any CPU.Build.0 = Release|Any CPU
		{730343F0-B37D-4979-93B0-9D6D54705423}.Debug|Any CPU.ActiveCfg = Debug|Any CPU
		{730343F0-B37D-4979-93B0-9D6D54705423}.Debug|Any CPU.Build.0 = Debug|Any CPU
		{730343F0-B37D-4979-93B0-9D6D54705423}.Release|Any CPU.ActiveCfg = Release|Any CPU
		{730343F0-B37D-4979-93B0-9D6D54705423}.Release|Any CPU.Build.0 = Release|Any CPU
	EndGlobalSection
	GlobalSection(NestedProjects) = preSolution
		{730343F0-B37D-4979-93B0-9D6D54705423} = {E56ED882-18EF-4F9A-8C7C-48930A8783B2}
	EndGlobalSection
EndGlobal
